
Microsoft Visual Studio Solution File, Format Version 12.00
# Visual Studio Version 17
VisualStudioVersion = 17.6.33723.286
MinimumVisualStudioVersion = 10.0.40219.1
Project("{9A19103F-16F7-4668-BE54-9A1E7A4F7556}") = "BookManagement", "ProductCategoryWebAPI-demo\BookManagement.csproj", "{33BC5BCB-7206-4416-9EBD-B1F290E5526E}"
EndProject
Project("{FAE04EC0-301F-11D3-BF4B-00C04F79EFBC}") = "SceneManagement", "CategoryManagement\SceneManagement.csproj", "{F5C8A091-0407-4D0B-96E7-6F0708A6935A}"
EndProject
Project("{FAE04EC0-301F-11D3-BF4B-00C04F79EFBC}") = "ManagementGatewayAPI", "ManagementGatewayAPI\ManagementGatewayAPI.csproj", "{582236CD-BE93-41FF-8CA9-033B07C5F7E5}"
EndProject
Global
	GlobalSection(SolutionConfigurationPlatforms) = preSolution
		Debug|Any CPU = Debug|Any CPU
		Release|Any CPU = Release|Any CPU
	EndGlobalSection
	GlobalSection(ProjectConfigurationPlatforms) = postSolution
		{33BC5BCB-7206-4416-9EBD-B1F290E5526E}.Debug|Any CPU.ActiveCfg = Debug|Any CPU
		{33BC5BCB-7206-4416-9EBD-B1F290E5526E}.Debug|Any CPU.Build.0 = Debug|Any CPU
		{33BC5BCB-7206-4416-9EBD-B1F290E5526E}.Release|Any CPU.ActiveCfg = Release|Any CPU
		{33BC5BCB-7206-4416-9EBD-B1F290E5526E}.Release|Any CPU.Build.0 = Release|Any CPU
		{F5C8A091-0407-4D0B-96E7-6F0708A6935A}.Debug|Any CPU.ActiveCfg = Debug|Any CPU
		{F5C8A091-0407-4D0B-96E7-6F0708A6935A}.Debug|Any CPU.Build.0 = Debug|Any CPU
		{F5C8A091-0407-4D0B-96E7-6F0708A6935A}.Release|Any CPU.ActiveCfg = Release|Any CPU
		{F5C8A091-0407-4D0B-96E7-6F0708A6935A}.Release|Any CPU.Build.0 = Release|Any CPU
		{582236CD-BE93-41FF-8CA9-033B07C5F7E5}.Debug|Any CPU.ActiveCfg = Debug|Any CPU
		{582236CD-BE93-41FF-8CA9-033B07C5F7E5}.Debug|Any CPU.Build.0 = Debug|Any CPU
		{582236CD-BE93-41FF-8CA9-033B07C5F7E5}.Release|Any CPU.ActiveCfg = Release|Any CPU
		{582236CD-BE93-41FF-8CA9-033B07C5F7E5}.Release|Any CPU.Build.0 = Release|Any CPU
	EndGlobalSection
	GlobalSection(SolutionProperties) = preSolution
		HideSolutionNode = FALSE
	EndGlobalSection
	GlobalSection(ExtensibilityGlobals) = postSolution
		SolutionGuid = {FD46EE2A-491C-4D5C-8CA4-0C9C7D328D7A}
	EndGlobalSection
EndGlobal
